// !$*UTF8*$!
{
	archiveVersion = 1;
	classes = {
	};
	objectVersion = 55;
	objects = {

/* Begin PBXBuildFile section */
		9C8967602826BFB900BF6A7C /* DiscountConditionType.swift in Sources */ = {isa = PBXBuildFile; fileRef = 9C89675F2826BFB900BF6A7C /* DiscountConditionType.swift */; };
		9CA644F02826AF2300EE0F2E /* main.swift in Sources */ = {isa = PBXBuildFile; fileRef = 9CA644EF2826AF2300EE0F2E /* main.swift */; };
		9CA644F72826AF7900EE0F2E /* Movie.swift in Sources */ = {isa = PBXBuildFile; fileRef = 9CA644F62826AF7900EE0F2E /* Movie.swift */; };
		9CA644F92826AFD200EE0F2E /* Money.swift in Sources */ = {isa = PBXBuildFile; fileRef = 9CA644F82826AFD200EE0F2E /* Money.swift */; };
		9CA644FB2826AFF600EE0F2E /* DiscountCondition.swift in Sources */ = {isa = PBXBuildFile; fileRef = 9CA644FA2826AFF600EE0F2E /* DiscountCondition.swift */; };
		9CA644FF2826B07F00EE0F2E /* MovieType.swift in Sources */ = {isa = PBXBuildFile; fileRef = 9CA644FE2826B07F00EE0F2E /* MovieType.swift */; };
/* End PBXBuildFile section */

/* Begin PBXCopyFilesBuildPhase section */
		9CA644EA2826AF2300EE0F2E /* CopyFiles */ = {
			isa = PBXCopyFilesBuildPhase;
			buildActionMask = 2147483647;
			dstPath = /usr/share/man/man1/;
			dstSubfolderSpec = 0;
			files = (
			);
			runOnlyForDeploymentPostprocessing = 1;
		};
/* End PBXCopyFilesBuildPhase section */

/* Begin PBXFileReference section */
		9C89675F2826BFB900BF6A7C /* DiscountConditionType.swift */ = {isa = PBXFileReference; lastKnownFileType = sourcecode.swift; path = DiscountConditionType.swift; sourceTree = "<group>"; };
		9CA644EC2826AF2300EE0F2E /* chapter04_movieTicketSystem(Data.ver) */ = {isa = PBXFileReference; explicitFileType = "compiled.mach-o.executable"; includeInIndex = 0; path = "chapter04_movieTicketSystem(Data.ver)"; sourceTree = BUILT_PRODUCTS_DIR; };
		9CA644EF2826AF2300EE0F2E /* main.swift */ = {isa = PBXFileReference; lastKnownFileType = sourcecode.swift; path = main.swift; sourceTree = "<group>"; };
		9CA644F62826AF7900EE0F2E /* Movie.swift */ = {isa = PBXFileReference; lastKnownFileType = sourcecode.swift; path = Movie.swift; sourceTree = "<group>"; };
		9CA644F82826AFD200EE0F2E /* Money.swift */ = {isa = PBXFileReference; lastKnownFileType = sourcecode.swift; path = Money.swift; sourceTree = "<group>"; };
		9CA644FA2826AFF600EE0F2E /* DiscountCondition.swift */ = {isa = PBXFileReference; lastKnownFileType = sourcecode.swift; path = DiscountCondition.swift; sourceTree = "<group>"; };
		9CA644FE2826B07F00EE0F2E /* MovieType.swift */ = {isa = PBXFileReference; lastKnownFileType = sourcecode.swift; path = MovieType.swift; sourceTree = "<group>"; };
/* End PBXFileReference section */

/* Begin PBXFrameworksBuildPhase section */
		9CA644E92826AF2300EE0F2E /* Frameworks */ = {
			isa = PBXFrameworksBuildPhase;
			buildActionMask = 2147483647;
			files = (
			);
			runOnlyForDeploymentPostprocessing = 0;
		};
/* End PBXFrameworksBuildPhase section */

/* Begin PBXGroup section */
		9CA644E32826AF2300EE0F2E = {
			isa = PBXGroup;
			children = (
				9CA644EE2826AF2300EE0F2E /* chapter04_movieTicketSystem(Data.ver) */,
				9CA644ED2826AF2300EE0F2E /* Products */,
			);
			sourceTree = "<group>";
		};
		9CA644ED2826AF2300EE0F2E /* Products */ = {
			isa = PBXGroup;
			children = (
				9CA644EC2826AF2300EE0F2E /* chapter04_movieTicketSystem(Data.ver) */,
			);
			name = Products;
			sourceTree = "<group>";
		};
		9CA644EE2826AF2300EE0F2E /* chapter04_movieTicketSystem(Data.ver) */ = {
			isa = PBXGroup;
			children = (
				9CA644EF2826AF2300EE0F2E /* main.swift */,
				9CA644F62826AF7900EE0F2E /* Movie.swift */,
				9CA644FE2826B07F00EE0F2E /* MovieType.swift */,
				9CA644F82826AFD200EE0F2E /* Money.swift */,
				9CA644FA2826AFF600EE0F2E /* DiscountCondition.swift */,
				9C89675F2826BFB900BF6A7C /* DiscountConditionType.swift */,
			);
			path = "chapter04_movieTicketSystem(Data.ver)";
			sourceTree = "<group>";
		};
/* End PBXGroup section */

/* Begin PBXNativeTarget section */
		9CA644EB2826AF2300EE0F2E /* chapter04_movieTicketSystem(Data.ver) */ = {
			isa = PBXNativeTarget;
			buildConfigurationList = 9CA644F32826AF2300EE0F2E /* Build configuration list for PBXNativeTarget "chapter04_movieTicketSystem(Data.ver)" */;
			buildPhases = (
				9CA644E82826AF2300EE0F2E /* Sources */,
				9CA644E92826AF2300EE0F2E /* Frameworks */,
				9CA644EA2826AF2300EE0F2E /* CopyFiles */,
			);
			buildRules = (
			);
			dependencies = (
			);
			name = "chapter04_movieTicketSystem(Data.ver)";
			productName = "chapter04_movieTicketSystem(Data.ver)";
			productReference = 9CA644EC2826AF2300EE0F2E /* chapter04_movieTicketSystem(Data.ver) */;
			productType = "com.apple.product-type.tool";
		};
/* End PBXNativeTarget section */

/* Begin PBXProject section */
		9CA644E42826AF2300EE0F2E /* Project object */ = {
			isa = PBXProject;
			attributes = {
				BuildIndependentTargetsInParallel = 1;
				LastSwiftUpdateCheck = 1330;
				LastUpgradeCheck = 1330;
				TargetAttributes = {
					9CA644EB2826AF2300EE0F2E = {
						CreatedOnToolsVersion = 13.3;
					};
				};
			};
			buildConfigurationList = 9CA644E72826AF2300EE0F2E /* Build configuration list for PBXProject "chapter04_movieTicketSystem(Data.ver)" */;
			compatibilityVersion = "Xcode 13.0";
			developmentRegion = en;
			hasScannedForEncodings = 0;
			knownRegions = (
				en,
				Base,
			);
			mainGroup = 9CA644E32826AF2300EE0F2E;
			productRefGroup = 9CA644ED2826AF2300EE0F2E /* Products */;
			projectDirPath = "";
			projectRoot = "";
			targets = (
				9CA644EB2826AF2300EE0F2E /* chapter04_movieTicketSystem(Data.ver) */,
			);
		};
/* End PBXProject section */

/* Begin PBXSourcesBuildPhase section */
		9CA644E82826AF2300EE0F2E /* Sources */ = {
			isa = PBXSourcesBuildPhase;
			buildActionMask = 2147483647;
			files = (
				9CA644F92826AFD200EE0F2E /* Money.swift in Sources */,
				9CA644FF2826B07F00EE0F2E /* MovieType.swift in Sources */,
				9CA644F72826AF7900EE0F2E /* Movie.swift in Sources */,
				9CA644FB2826AFF600EE0F2E /* DiscountCondition.swift in Sources */,
				9C8967602826BFB900BF6A7C /* DiscountConditionType.swift in Sources */,
				9CA644F02826AF2300EE0F2E /* main.swift in Sources */,
			);
			runOnlyForDeploymentPostprocessing = 0;
		};
/* End PBXSourcesBuildPhase section */

/* Begin XCBuildConfiguration section */
		9CA644F12826AF2300EE0F2E /* Debug */ = {
			isa = XCBuildConfiguration;
			buildSettings = {
				ALWAYS_SEARCH_USER_PATHS = NO;
				CLANG_ANALYZER_NONNULL = YES;
				CLANG_ANALYZER_NUMBER_OBJECT_CONVERSION = YES_AGGRESSIVE;
				CLANG_CXX_LANGUAGE_STANDARD = "gnu++17";
				CLANG_ENABLE_MODULES = YES;
				CLANG_ENABLE_OBJC_ARC = YES;
				CLANG_ENABLE_OBJC_WEAK = YES;
				CLANG_WARN_BLOCK_CAPTURE_AUTORELEASING = YES;
				CLANG_WARN_BOOL_CONVERSION = YES;
				CLANG_WARN_COMMA = YES;
				CLANG_WARN_CONSTANT_CONVERSION = YES;
				CLANG_WARN_DEPRECATED_OBJC_IMPLEMENTATIONS = YES;
				CLANG_WARN_DIRECT_OBJC_ISA_USAGE = YES_ERROR;
				CLANG_WARN_DOCUMENTATION_COMMENTS = YES;
				CLANG_WARN_EMPTY_BODY = YES;
				CLANG_WARN_ENUM_CONVERSION = YES;
				CLANG_WARN_INFINITE_RECURSION = YES;
				CLANG_WARN_INT_CONVERSION = YES;
				CLANG_WARN_NON_LITERAL_NULL_CONVERSION = YES;
				CLANG_WARN_OBJC_IMPLICIT_RETAIN_SELF = YES;
				CLANG_WARN_OBJC_LITERAL_CONVERSION = YES;
				CLANG_WARN_OBJC_ROOT_CLASS = YES_ERROR;
				CLANG_WARN_QUOTED_INCLUDE_IN_FRAMEWORK_HEADER = YES;
				CLANG_WARN_RANGE_LOOP_ANALYSIS = YES;
				CLANG_WARN_STRICT_PROTOTYPES = YES;
				CLANG_WARN_SUSPICIOUS_MOVE = YES;
				CLANG_WARN_UNGUARDED_AVAILABILITY = YES_AGGRESSIVE;
				CLANG_WARN_UNREACHABLE_CODE = YES;
				CLANG_WARN__DUPLICATE_METHOD_MATCH = YES;
				COPY_PHASE_STRIP = NO;
				DEBUG_INFORMATION_FORMAT = dwarf;
				ENABLE_STRICT_OBJC_MSGSEND = YES;
				ENABLE_TESTABILITY = YES;
				GCC_C_LANGUAGE_STANDARD = gnu11;
				GCC_DYNAMIC_NO_PIC = NO;
				GCC_NO_COMMON_BLOCKS = YES;
				GCC_OPTIMIZATION_LEVEL = 0;
				GCC_PREPROCESSOR_DEFINITIONS = (
					"DEBUG=1",
					"$(inherited)",
				);
				GCC_WARN_64_TO_32_BIT_CONVERSION = YES;
				GCC_WARN_ABOUT_RETURN_TYPE = YES_ERROR;
				GCC_WARN_UNDECLARED_SELECTOR = YES;
				GCC_WARN_UNINITIALIZED_AUTOS = YES_AGGRESSIVE;
				GCC_WARN_UNUSED_FUNCTION = YES;
				GCC_WARN_UNUSED_VARIABLE = YES;
				MACOSX_DEPLOYMENT_TARGET = 12.3;
				MTL_ENABLE_DEBUG_INFO = INCLUDE_SOURCE;
				MTL_FAST_MATH = YES;
				ONLY_ACTIVE_ARCH = YES;
				SDKROOT = macosx;
				SWIFT_ACTIVE_COMPILATION_CONDITIONS = DEBUG;
				SWIFT_OPTIMIZATION_LEVEL = "-Onone";
			};
			name = Debug;
		};
		9CA644F22826AF2300EE0F2E /* Release */ = {
			isa = XCBuildConfiguration;
			buildSettings = {
				ALWAYS_SEARCH_USER_PATHS = NO;
				CLANG_ANALYZER_NONNULL = YES;
				CLANG_ANALYZER_NUMBER_OBJECT_CONVERSION = YES_AGGRESSIVE;
				CLANG_CXX_LANGUAGE_STANDARD = "gnu++17";
				CLANG_ENABLE_MODULES = YES;
				CLANG_ENABLE_OBJC_ARC = YES;
				CLANG_ENABLE_OBJC_WEAK = YES;
				CLANG_WARN_BLOCK_CAPTURE_AUTORELEASING = YES;
				CLANG_WARN_BOOL_CONVERSION = YES;
				CLANG_WARN_COMMA = YES;
				CLANG_WARN_CONSTANT_CONVERSION = YES;
				CLANG_WARN_DEPRECATED_OBJC_IMPLEMENTATIONS = YES;
				CLANG_WARN_DIRECT_OBJC_ISA_USAGE = YES_ERROR;
				CLANG_WARN_DOCUMENTATION_COMMENTS = YES;
				CLANG_WARN_EMPTY_BODY = YES;
				CLANG_WARN_ENUM_CONVERSION = YES;
				CLANG_WARN_INFINITE_RECURSION = YES;
				CLANG_WARN_INT_CONVERSION = YES;
				CLANG_WARN_NON_LITERAL_NULL_CONVERSION = YES;
				CLANG_WARN_OBJC_IMPLICIT_RETAIN_SELF = YES;
				CLANG_WARN_OBJC_LITERAL_CONVERSION = YES;
				CLANG_WARN_OBJC_ROOT_CLASS = YES_ERROR;
				CLANG_WARN_QUOTED_INCLUDE_IN_FRAMEWORK_HEADER = YES;
				CLANG_WARN_RANGE_LOOP_ANALYSIS = YES;
				CLANG_WARN_STRICT_PROTOTYPES = YES;
				CLANG_WARN_SUSPICIOUS_MOVE = YES;
				CLANG_WARN_UNGUARDED_AVAILABILITY = YES_AGGRESSIVE;
				CLANG_WARN_UNREACHABLE_CODE = YES;
				CLANG_WARN__DUPLICATE_METHOD_MATCH = YES;
				COPY_PHASE_STRIP = NO;
				DEBUG_INFORMATION_FORMAT = "dwarf-with-dsym";
				ENABLE_NS_ASSERTIONS = NO;
				ENABLE_STRICT_OBJC_MSGSEND = YES;
				GCC_C_LANGUAGE_STANDARD = gnu11;
				GCC_NO_COMMON_BLOCKS = YES;
				GCC_WARN_64_TO_32_BIT_CONVERSION = YES;
				GCC_WARN_ABOUT_RETURN_TYPE = YES_ERROR;
				GCC_WARN_UNDECLARED_SELECTOR = YES;
				GCC_WARN_UNINITIALIZED_AUTOS = YES_AGGRESSIVE;
				GCC_WARN_UNUSED_FUNCTION = YES;
				GCC_WARN_UNUSED_VARIABLE = YES;
				MACOSX_DEPLOYMENT_TARGET = 12.3;
				MTL_ENABLE_DEBUG_INFO = NO;
				MTL_FAST_MATH = YES;
				SDKROOT = macosx;
				SWIFT_COMPILATION_MODE = wholemodule;
				SWIFT_OPTIMIZATION_LEVEL = "-O";
			};
			name = Release;
		};
		9CA644F42826AF2300EE0F2E /* Debug */ = {
			isa = XCBuildConfiguration;
			buildSettings = {
				CODE_SIGN_STYLE = Automatic;
				DEVELOPMENT_TEAM = 92L97H4632;
				ENABLE_HARDENED_RUNTIME = YES;
				PRODUCT_NAME = "$(TARGET_NAME)";
				SWIFT_VERSION = 5.0;
			};
			name = Debug;
		};
		9CA644F52826AF2300EE0F2E /* Release */ = {
			isa = XCBuildConfiguration;
			buildSettings = {
				CODE_SIGN_STYLE = Automatic;
				DEVELOPMENT_TEAM = 92L97H4632;
				ENABLE_HARDENED_RUNTIME = YES;
				PRODUCT_NAME = "$(TARGET_NAME)";
				SWIFT_VERSION = 5.0;
			};
			name = Release;
		};
/* End XCBuildConfiguration section */

/* Begin XCConfigurationList section */
		9CA644E72826AF2300EE0F2E /* Build configuration list for PBXProject "chapter04_movieTicketSystem(Data.ver)" */ = {
			isa = XCConfigurationList;
			buildConfigurations = (
				9CA644F12826AF2300EE0F2E /* Debug */,
				9CA644F22826AF2300EE0F2E /* Release */,
			);
			defaultConfigurationIsVisible = 0;
			defaultConfigurationName = Release;
		};
		9CA644F32826AF2300EE0F2E /* Build configuration list for PBXNativeTarget "chapter04_movieTicketSystem(Data.ver)" */ = {
			isa = XCConfigurationList;
			buildConfigurations = (
				9CA644F42826AF2300EE0F2E /* Debug */,
				9CA644F52826AF2300EE0F2E /* Release */,
			);
			defaultConfigurationIsVisible = 0;
			defaultConfigurationName = Release;
		};
/* End XCConfigurationList section */
	};
	rootObject = 9CA644E42826AF2300EE0F2E /* Project object */;
}
